// !$*UTF8*$!
{
	archiveVersion = 1;
	classes = {
	};
	objectVersion = 56;
	objects = {

/* Begin PBXBuildFile section */
		13100FEC2FB47B0A00CF8817 /* FitnessCoachApp.swift in Sources */ = {isa = PBXBuildFile; fileRef = 13100FEB2FB47B0A00CF8817 /* FitnessCoachApp.swift */; };
		13100FEE2FB47B0A00CF8817 /* ContentView.swift in Sources */ = {isa = PBXBuildFile; fileRef = 13100FED2FB47B0A00CF8817 /* ContentView.swift */; };
		13100FF02FB47B0D00CF8817 /* Assets.xcassets in Resources */ = {isa = PBXBuildFile; fileRef = 13100FEF2FB47B0D00CF8817 /* Assets.xcassets */; };
		13100FF32FB47B0D00CF8817 /* Preview Assets.xcassets in Resources */ = {isa = PBXBuildFile; fileRef = 13100FF22FB47B0D00CF8817 /* Preview Assets.xcassets */; };
		13100FFD2FB47B0E00CF8817 /* FitnessCoachTests.swift in Sources */ = {isa = PBXBuildFile; fileRef = 13100FFC2FB47B0E00CF8817 /* FitnessCoachTests.swift */; };
		131010072FB47B0E00CF8817 /* FitnessCoachUITests.swift in Sources */ = {isa = PBXBuildFile; fileRef = 131010062FB47B0E00CF8817 /* FitnessCoachUITests.swift */; };
		131010092FB47B0E00CF8817 /* FitnessCoachUITestsLaunchTests.swift in Sources */ = {isa = PBXBuildFile; fileRef = 131010082FB47B0E00CF8817 /* FitnessCoachUITestsLaunchTests.swift */; };
		13A2A0012FB6000000CF8817 /* A2AService.swift in Sources */ = {isa = PBXBuildFile; fileRef = 13A2A0002FB6000000CF8817 /* A2AService.swift */; };
		13A2A0032FB6000000CF8817 /* HealthKitService.swift in Sources */ = {isa = PBXBuildFile; fileRef = 13A2A0022FB6000000CF8817 /* HealthKitService.swift */; };
		13A2A0052FB6000000CF8817 /* CalorieA2AView.swift in Sources */ = {isa = PBXBuildFile; fileRef = 13A2A0042FB6000000CF8817 /* CalorieA2AView.swift */; };
		13A2A0072FB6000000CF8817 /* mock_a2a_response.json in Resources */ = {isa = PBXBuildFile; fileRef = 13A2A0062FB6000000CF8817 /* mock_a2a_response.json */; };
		13A2A00A2FB6000000CF8817 /* DashboardView.swift in Sources */ = {isa = PBXBuildFile; fileRef = 13A2A0092FB6000000CF8817 /* DashboardView.swift */; };
		13A2A00C2FB6000000CF8817 /* HealthKitServiceTests.swift in Sources */ = {isa = PBXBuildFile; fileRef = 13A2A00B2FB6000000CF8817 /* HealthKitServiceTests.swift */; };
		13A2A00E2FB6000000CF8817 /* AIChatView.swift in Sources */ = {isa = PBXBuildFile; fileRef = 13A2A00D2FB6000000CF8817 /* AIChatView.swift */; };
		13A2A0102FB7000000CF8817 /* CameraView.swift in Sources */ = {isa = PBXBuildFile; fileRef = 13A2A00F2FB7000000CF8817 /* CameraView.swift */; };
		13A2A0122FB8000000CF8817 /* WorkoutTracking.swift in Sources */ = {isa = PBXBuildFile; fileRef = 13A2A0112FB8000000CF8817 /* WorkoutTracking.swift */; };
/* End PBXBuildFile section */

/* Begin PBXContainerItemProxy section */
		13100FF92FB47B0E00CF8817 /* PBXContainerItemProxy */ = {
			isa = PBXContainerItemProxy;
			containerPortal = 13100FE02FB47B0A00CF8817 /* Project object */;
			proxyType = 1;
			remoteGlobalIDString = 13100FE72FB47B0A00CF8817;
			remoteInfo = FitnessCoach;
		};
		131010032FB47B0E00CF8817 /* PBXContainerItemProxy */ = {
			isa = PBXContainerItemProxy;
			containerPortal = 13100FE02FB47B0A00CF8817 /* Project object */;
			proxyType = 1;
			remoteGlobalIDString = 13100FE72FB47B0A00CF8817;
			remoteInfo = FitnessCoach;
		};
/* End PBXContainerItemProxy section */

/* Begin PBXFileReference section */
		13100FE82FB47B0A00CF8817 /* FitnessCoach.app */ = {isa = PBXFileReference; explicitFileType = wrapper.application; includeInIndex = 0; path = FitnessCoach.app; sourceTree = BUILT_PRODUCTS_DIR; };
		13100FEB2FB47B0A00CF8817 /* FitnessCoachApp.swift */ = {isa = PBXFileReference; lastKnownFileType = sourcecode.swift; path = FitnessCoachApp.swift; sourceTree = "<group>"; };
		13100FED2FB47B0A00CF8817 /* ContentView.swift */ = {isa = PBXFileReference; lastKnownFileType = sourcecode.swift; path = ContentView.swift; sourceTree = "<group>"; };
		13100FEF2FB47B0D00CF8817 /* Assets.xcassets */ = {isa = PBXFileReference; lastKnownFileType = folder.assetcatalog; path = Assets.xcassets; sourceTree = "<group>"; };
		13100FF22FB47B0D00CF8817 /* Preview Assets.xcassets */ = {isa = PBXFileReference; lastKnownFileType = folder.assetcatalog; path = "Preview Assets.xcassets"; sourceTree = "<group>"; };
		13100FF82FB47B0E00CF8817 /* FitnessCoachTests.xctest */ = {isa = PBXFileReference; explicitFileType = wrapper.cfbundle; includeInIndex = 0; path = FitnessCoachTests.xctest; sourceTree = BUILT_PRODUCTS_DIR; };
		13100FFC2FB47B0E00CF8817 /* FitnessCoachTests.swift */ = {isa = PBXFileReference; lastKnownFileType = sourcecode.swift; path = FitnessCoachTests.swift; sourceTree = "<group>"; };
		131010022FB47B0E00CF8817 /* FitnessCoachUITests.xctest */ = {isa = PBXFileReference; explicitFileType = wrapper.cfbundle; includeInIndex = 0; path = FitnessCoachUITests.xctest; sourceTree = BUILT_PRODUCTS_DIR; };
		131010062FB47B0E00CF8817 /* FitnessCoachUITests.swift */ = {isa = PBXFileReference; lastKnownFileType = sourcecode.swift; path = FitnessCoachUITests.swift; sourceTree = "<group>"; };
		131010082FB47B0E00CF8817 /* FitnessCoachUITestsLaunchTests.swift */ = {isa = PBXFileReference; lastKnownFileType = sourcecode.swift; path = FitnessCoachUITestsLaunchTests.swift; sourceTree = "<group>"; };
		13A2A0002FB6000000CF8817 /* A2AService.swift */ = {isa = PBXFileReference; lastKnownFileType = sourcecode.swift; path = A2AService.swift; sourceTree = "<group>"; };
		13A2A0022FB6000000CF8817 /* HealthKitService.swift */ = {isa = PBXFileReference; lastKnownFileType = sourcecode.swift; path = HealthKitService.swift; sourceTree = "<group>"; };
		13A2A0042FB6000000CF8817 /* CalorieA2AView.swift */ = {isa = PBXFileReference; lastKnownFileType = sourcecode.swift; path = CalorieA2AView.swift; sourceTree = "<group>"; };
		13A2A0062FB6000000CF8817 /* mock_a2a_response.json */ = {isa = PBXFileReference; lastKnownFileType = text.json; path = mock_a2a_response.json; sourceTree = "<group>"; };
		13A2A0082FB6000000CF8817 /* FitnessCoach.entitlements */ = {isa = PBXFileReference; lastKnownFileType = text.plist.entitlements; path = FitnessCoach.entitlements; sourceTree = "<group>"; };
		13A2A0092FB6000000CF8817 /* DashboardView.swift */ = {isa = PBXFileReference; lastKnownFileType = sourcecode.swift; path = DashboardView.swift; sourceTree = "<group>"; };
		13A2A00B2FB6000000CF8817 /* HealthKitServiceTests.swift */ = {isa = PBXFileReference; lastKnownFileType = sourcecode.swift; path = HealthKitServiceTests.swift; sourceTree = "<group>"; };
		13A2A00D2FB6000000CF8817 /* AIChatView.swift */ = {isa = PBXFileReference; lastKnownFileType = sourcecode.swift; path = AIChatView.swift; sourceTree = "<group>"; };
		13A2A00F2FB7000000CF8817 /* CameraView.swift */ = {isa = PBXFileReference; lastKnownFileType = sourcecode.swift; path = CameraView.swift; sourceTree = "<group>"; };
		13A2A0112FB8000000CF8817 /* WorkoutTracking.swift */ = {isa = PBXFileReference; lastKnownFileType = sourcecode.swift; path = WorkoutTracking.swift; sourceTree = "<group>"; };
/* End PBXFileReference section */

/* Begin PBXFrameworksBuildPhase section */
		13100FE52FB47B0A00CF8817 /* Frameworks */ = {
			isa = PBXFrameworksBuildPhase;
			buildActionMask = 2147483647;
			files = (
			);
			runOnlyForDeploymentPostprocessing = 0;
		};
		13100FF52FB47B0E00CF8817 /* Frameworks */ = {
			isa = PBXFrameworksBuildPhase;
			buildActionMask = 2147483647;
			files = (
			);
			runOnlyForDeploymentPostprocessing = 0;
		};
		13100FFF2FB47B0E00CF8817 /* Frameworks */ = {
			isa = PBXFrameworksBuildPhase;
			buildActionMask = 2147483647;
			files = (
			);
			runOnlyForDeploymentPostprocessing = 0;
		};
/* End PBXFrameworksBuildPhase section */

/* Begin PBXGroup section */
		13100FDF2FB47B0A00CF8817 = {
			isa = PBXGroup;
			children = (
				13100FEA2FB47B0A00CF8817 /* FitnessCoach */,
				13100FFB2FB47B0E00CF8817 /* FitnessCoachTests */,
				131010052FB47B0E00CF8817 /* FitnessCoachUITests */,
				13100FE92FB47B0A00CF8817 /* Products */,
			);
			sourceTree = "<group>";
		};
		13100FE92FB47B0A00CF8817 /* Products */ = {
			isa = PBXGroup;
			children = (
				13100FE82FB47B0A00CF8817 /* FitnessCoach.app */,
				13100FF82FB47B0E00CF8817 /* FitnessCoachTests.xctest */,
				131010022FB47B0E00CF8817 /* FitnessCoachUITests.xctest */,
			);
			name = Products;
			sourceTree = "<group>";
		};
		13100FEA2FB47B0A00CF8817 /* FitnessCoach */ = {
			isa = PBXGroup;
			children = (
				13100FEB2FB47B0A00CF8817 /* FitnessCoachApp.swift */,
				13100FED2FB47B0A00CF8817 /* ContentView.swift */,
				13A2A00F2FB7000000CF8817 /* CameraView.swift */,
				13A2A0112FB8000000CF8817 /* WorkoutTracking.swift */,
				13A2A0002FB6000000CF8817 /* A2AService.swift */,
				13A2A0022FB6000000CF8817 /* HealthKitService.swift */,
				13A2A0042FB6000000CF8817 /* CalorieA2AView.swift */,
				13A2A00D2FB6000000CF8817 /* AIChatView.swift */,
				13A2A0092FB6000000CF8817 /* DashboardView.swift */,
				13A2A0062FB6000000CF8817 /* mock_a2a_response.json */,
				13A2A0082FB6000000CF8817 /* FitnessCoach.entitlements */,
				13100FEF2FB47B0D00CF8817 /* Assets.xcassets */,
				13100FF12FB47B0D00CF8817 /* Preview Content */,
			);
			path = FitnessCoach;
			sourceTree = "<group>";
		};
		13100FF12FB47B0D00CF8817 /* Preview Content */ = {
			isa = PBXGroup;
			children = (
				13100FF22FB47B0D00CF8817 /* Preview Assets.xcassets */,
			);
			path = "Preview Content";
			sourceTree = "<group>";
		};
		13100FFB2FB47B0E00CF8817 /* FitnessCoachTests */ = {
			isa = PBXGroup;
			children = (
				13100FFC2FB47B0E00CF8817 /* FitnessCoachTests.swift */,
				13A2A00B2FB6000000CF8817 /* HealthKitServiceTests.swift */,
			);
			path = FitnessCoachTests;
			sourceTree = "<group>";
		};
		131010052FB47B0E00CF8817 /* FitnessCoachUITests */ = {
			isa = PBXGroup;
			children = (
				131010062FB47B0E00CF8817 /* FitnessCoachUITests.swift */,
				131010082FB47B0E00CF8817 /* FitnessCoachUITestsLaunchTests.swift */,
			);
			path = FitnessCoachUITests;
			sourceTree = "<group>";
		};
/* End PBXGroup section */

/* Begin PBXNativeTarget section */
		13100FE72FB47B0A00CF8817 /* FitnessCoach */ = {
			isa = PBXNativeTarget;
			buildConfigurationList = 1310100C2FB47B0E00CF8817 /* Build configuration list for PBXNativeTarget "FitnessCoach" */;
			buildPhases = (
				13100FE42FB47B0A00CF8817 /* Sources */,
				13100FE52FB47B0A00CF8817 /* Frameworks */,
				13100FE62FB47B0A00CF8817 /* Resources */,
			);
			buildRules = (
			);
			dependencies = (
			);
			name = FitnessCoach;
			productName = FitnessCoach;
			productReference = 13100FE82FB47B0A00CF8817 /* FitnessCoach.app */;
			productType = "com.apple.product-type.application";
		};
		13100FF72FB47B0E00CF8817 /* FitnessCoachTests */ = {
			isa = PBXNativeTarget;
			buildConfigurationList = 1310100F2FB47B0E00CF8817 /* Build configuration list for PBXNativeTarget "FitnessCoachTests" */;
			buildPhases = (
				13100FF42FB47B0E00CF8817 /* Sources */,
				13100FF52FB47B0E00CF8817 /* Frameworks */,
				13100FF62FB47B0E00CF8817 /* Resources */,
			);
			buildRules = (
			);
			dependencies = (
				13100FFA2FB47B0E00CF8817 /* PBXTargetDependency */,
			);
			name = FitnessCoachTests;
			productName = FitnessCoachTests;
			productReference = 13100FF82FB47B0E00CF8817 /* FitnessCoachTests.xctest */;
			productType = "com.apple.product-type.bundle.unit-test";
		};
		131010012FB47B0E00CF8817 /* FitnessCoachUITests */ = {
			isa = PBXNativeTarget;
			buildConfigurationList = 131010122FB47B0E00CF8817 /* Build configuration list for PBXNativeTarget "FitnessCoachUITests" */;
			buildPhases = (
				13100FFE2FB47B0E00CF8817 /* Sources */,
				13100FFF2FB47B0E00CF8817 /* Frameworks */,
				131010002FB47B0E00CF8817 /* Resources */,
			);
			buildRules = (
			);
			dependencies = (
				131010042FB47B0E00CF8817 /* PBXTargetDependency */,
			);
			name = FitnessCoachUITests;
			productName = FitnessCoachUITests;
			productReference = 131010022FB47B0E00CF8817 /* FitnessCoachUITests.xctest */;
			productType = "com.apple.product-type.bundle.ui-testing";
		};
/* End PBXNativeTarget section */

/* Begin PBXProject section */
		13100FE02FB47B0A00CF8817 /* Project object */ = {
			isa = PBXProject;
			attributes = {
				BuildIndependentTargetsInParallel = 1;
				LastSwiftUpdateCheck = 1430;
				LastUpgradeCheck = 1430;
				TargetAttributes = {
					13100FE72FB47B0A00CF8817 = {
						CreatedOnToolsVersion = 14.3.1;
						SystemCapabilities = {
							com.apple.HealthKit = {
								enabled = 1;
							};
						};
					};
					13100FF72FB47B0E00CF8817 = {
						CreatedOnToolsVersion = 14.3.1;
						TestTargetID = 13100FE72FB47B0A00CF8817;
					};
					131010012FB47B0E00CF8817 = {
						CreatedOnToolsVersion = 14.3.1;
						TestTargetID = 13100FE72FB47B0A00CF8817;
					};
				};
			};
			buildConfigurationList = 13100FE32FB47B0A00CF8817 /* Build configuration list for PBXProject "FitnessCoach" */;
			compatibilityVersion = "Xcode 14.0";
			developmentRegion = en;
			hasScannedForEncodings = 0;
			knownRegions = (
				en,
				Base,
			);
			mainGroup = 13100FDF2FB47B0A00CF8817;
			productRefGroup = 13100FE92FB47B0A00CF8817 /* Products */;
			projectDirPath = "";
			projectRoot = "";
			targets = (
				13100FE72FB47B0A00CF8817 /* FitnessCoach */,
				13100FF72FB47B0E00CF8817 /* FitnessCoachTests */,
				131010012FB47B0E00CF8817 /* FitnessCoachUITests */,
			);
		};
/* End PBXProject section */

/* Begin PBXResourcesBuildPhase section */
		13100FE62FB47B0A00CF8817 /* Resources */ = {
			isa = PBXResourcesBuildPhase;
			buildActionMask = 2147483647;
			files = (
				13A2A0072FB6000000CF8817 /* mock_a2a_response.json in Resources */,
				13100FF32FB47B0D00CF8817 /* Preview Assets.xcassets in Resources */,
				13100FF02FB47B0D00CF8817 /* Assets.xcassets in Resources */,
			);
			runOnlyForDeploymentPostprocessing = 0;
		};
		13100FF62FB47B0E00CF8817 /* Resources */ = {
			isa = PBXResourcesBuildPhase;
			buildActionMask = 2147483647;
			files = (
			);
			runOnlyForDeploymentPostprocessing = 0;
		};
		131010002FB47B0E00CF8817 /* Resources */ = {
			isa = PBXResourcesBuildPhase;
			buildActionMask = 2147483647;
			files = (
			);
			runOnlyForDeploymentPostprocessing = 0;
		};
/* End PBXResourcesBuildPhase section */

/* Begin PBXSourcesBuildPhase section */
		13100FE42FB47B0A00CF8817 /* Sources */ = {
			isa = PBXSourcesBuildPhase;
			buildActionMask = 2147483647;
			files = (
				13A2A0012FB6000000CF8817 /* A2AService.swift in Sources */,
				13A2A0032FB6000000CF8817 /* HealthKitService.swift in Sources */,
				13A2A0052FB6000000CF8817 /* CalorieA2AView.swift in Sources */,
				13A2A00E2FB6000000CF8817 /* AIChatView.swift in Sources */,
				13A2A00A2FB6000000CF8817 /* DashboardView.swift in Sources */,
				13A2A0102FB7000000CF8817 /* CameraView.swift in Sources */,
				13A2A0122FB8000000CF8817 /* WorkoutTracking.swift in Sources */,
				13100FEE2FB47B0A00CF8817 /* ContentView.swift in Sources */,
				13100FEC2FB47B0A00CF8817 /* FitnessCoachApp.swift in Sources */,
			);
			runOnlyForDeploymentPostprocessing = 0;
		};
		13100FF42FB47B0E00CF8817 /* Sources */ = {
			isa = PBXSourcesBuildPhase;
			buildActionMask = 2147483647;
			files = (
				13100FFD2FB47B0E00CF8817 /* FitnessCoachTests.swift in Sources */,
				13A2A00C2FB6000000CF8817 /* HealthKitServiceTests.swift in Sources */,
			);
			runOnlyForDeploymentPostprocessing = 0;
		};
		13100FFE2FB47B0E00CF8817 /* Sources */ = {
			isa = PBXSourcesBuildPhase;
			buildActionMask = 2147483647;
			files = (
				131010092FB47B0E00CF8817 /* FitnessCoachUITestsLaunchTests.swift in Sources */,
				131010072FB47B0E00CF8817 /* FitnessCoachUITests.swift in Sources */,
			);
			runOnlyForDeploymentPostprocessing = 0;
		};
/* End PBXSourcesBuildPhase section */

/* Begin PBXTargetDependency section */
		13100FFA2FB47B0E00CF8817 /* PBXTargetDependency */ = {
			isa = PBXTargetDependency;
			target = 13100FE72FB47B0A00CF8817 /* FitnessCoach */;
			targetProxy = 13100FF92FB47B0E00CF8817 /* PBXContainerItemProxy */;
		};
		131010042FB47B0E00CF8817 /* PBXTargetDependency */ = {
			isa = PBXTargetDependency;
			target = 13100FE72FB47B0A00CF8817 /* FitnessCoach */;
			targetProxy = 131010032FB47B0E00CF8817 /* PBXContainerItemProxy */;
		};
/* End PBXTargetDependency section */

/* Begin XCBuildConfiguration section */
		1310100A2FB47B0E00CF8817 /* Debug */ = {
			isa = XCBuildConfiguration;
			buildSettings = {
				ALWAYS_SEARCH_USER_PATHS = NO;
				CLANG_ANALYZER_NONNULL = YES;
				CLANG_ANALYZER_NUMBER_OBJECT_CONVERSION = YES_AGGRESSIVE;
				CLANG_CXX_LANGUAGE_STANDARD = "gnu++20";
				CLANG_ENABLE_MODULES = YES;
				CLANG_ENABLE_OBJC_ARC = YES;
				CLANG_ENABLE_OBJC_WEAK = YES;
				CLANG_WARN_BLOCK_CAPTURE_AUTORELEASING = YES;
				CLANG_WARN_BOOL_CONVERSION = YES;
				CLANG_WARN_COMMA = YES;
				CLANG_WARN_CONSTANT_CONVERSION = YES;
				CLANG_WARN_DEPRECATED_OBJC_IMPLEMENTATIONS = YES;
				CLANG_WARN_DIRECT_OBJC_ISA_USAGE = YES_ERROR;
				CLANG_WARN_DOCUMENTATION_COMMENTS = YES;
				CLANG_WARN_EMPTY_BODY = YES;
				CLANG_WARN_ENUM_CONVERSION = YES;
				CLANG_WARN_INFINITE_RECURSION = YES;
				CLANG_WARN_INT_CONVERSION = YES;
				CLANG_WARN_NON_LITERAL_NULL_CONVERSION = YES;
				CLANG_WARN_OBJC_IMPLICIT_RETAIN_SELF = YES;
				CLANG_WARN_OBJC_LITERAL_CONVERSION = YES;
				CLANG_WARN_OBJC_ROOT_CLASS = YES_ERROR;
				CLANG_WARN_QUOTED_INCLUDE_IN_FRAMEWORK_HEADER = YES;
				CLANG_WARN_RANGE_LOOP_ANALYSIS = YES;
				CLANG_WARN_STRICT_PROTOTYPES = YES;
				CLANG_WARN_SUSPICIOUS_MOVE = YES;
				CLANG_WARN_UNGUARDED_AVAILABILITY = YES_AGGRESSIVE;
				CLANG_WARN_UNREACHABLE_CODE = YES;
				CLANG_WARN__DUPLICATE_METHOD_MATCH = YES;
				COPY_PHASE_STRIP = NO;
				DEBUG_INFORMATION_FORMAT = dwarf;
				ENABLE_STRICT_OBJC_MSGSEND = YES;
				ENABLE_TESTABILITY = YES;
				GCC_C_LANGUAGE_STANDARD = gnu11;
				GCC_DYNAMIC_NO_PIC = NO;
				GCC_NO_COMMON_BLOCKS = YES;
				GCC_OPTIMIZATION_LEVEL = 0;
				GCC_PREPROCESSOR_DEFINITIONS = (
					"DEBUG=1",
					"$(inherited)",
				);
				GCC_WARN_64_TO_32_BIT_CONVERSION = YES;
				GCC_WARN_ABOUT_RETURN_TYPE = YES_ERROR;
				GCC_WARN_UNDECLARED_SELECTOR = YES;
				GCC_WARN_UNINITIALIZED_AUTOS = YES_AGGRESSIVE;
				GCC_WARN_UNUSED_FUNCTION = YES;
				GCC_WARN_UNUSED_VARIABLE = YES;
				IPHONEOS_DEPLOYMENT_TARGET = 16.4;
				MTL_ENABLE_DEBUG_INFO = INCLUDE_SOURCE;
				MTL_FAST_MATH = YES;
				ONLY_ACTIVE_ARCH = YES;
				SDKROOT = iphoneos;
				SWIFT_ACTIVE_COMPILATION_CONDITIONS = DEBUG;
				SWIFT_OPTIMIZATION_LEVEL = "-Onone";
			};
			name = Debug;
		};
		1310100B2FB47B0E00CF8817 /* Release */ = {
			isa = XCBuildConfiguration;
			buildSettings = {
				ALWAYS_SEARCH_USER_PATHS = NO;
				CLANG_ANALYZER_NONNULL = YES;
				CLANG_ANALYZER_NUMBER_OBJECT_CONVERSION = YES_AGGRESSIVE;
				CLANG_CXX_LANGUAGE_STANDARD = "gnu++20";
				CLANG_ENABLE_MODULES = YES;
				CLANG_ENABLE_OBJC_ARC = YES;
				CLANG_ENABLE_OBJC_WEAK = YES;
				CLANG_WARN_BLOCK_CAPTURE_AUTORELEASING = YES;
				CLANG_WARN_BOOL_CONVERSION = YES;
				CLANG_WARN_COMMA = YES;
				CLANG_WARN_CONSTANT_CONVERSION = YES;
				CLANG_WARN_DEPRECATED_OBJC_IMPLEMENTATIONS = YES;
				CLANG_WARN_DIRECT_OBJC_ISA_USAGE = YES_ERROR;
				CLANG_WARN_DOCUMENTATION_COMMENTS = YES;
				CLANG_WARN_EMPTY_BODY = YES;
				CLANG_WARN_ENUM_CONVERSION = YES;
				CLANG_WARN_INFINITE_RECURSION = YES;
				CLANG_WARN_INT_CONVERSION = YES;
				CLANG_WARN_NON_LITERAL_NULL_CONVERSION = YES;
				CLANG_WARN_OBJC_IMPLICIT_RETAIN_SELF = YES;
				CLANG_WARN_OBJC_LITERAL_CONVERSION = YES;
				CLANG_WARN_OBJC_ROOT_CLASS = YES_ERROR;
				CLANG_WARN_QUOTED_INCLUDE_IN_FRAMEWORK_HEADER = YES;
				CLANG_WARN_RANGE_LOOP_ANALYSIS = YES;
				CLANG_WARN_STRICT_PROTOTYPES = YES;
				CLANG_WARN_SUSPICIOUS_MOVE = YES;
				CLANG_WARN_UNGUARDED_AVAILABILITY = YES_AGGRESSIVE;
				CLANG_WARN_UNREACHABLE_CODE = YES;
				CLANG_WARN__DUPLICATE_METHOD_MATCH = YES;
				COPY_PHASE_STRIP = NO;
				DEBUG_INFORMATION_FORMAT = "dwarf-with-dsym";
				ENABLE_NS_ASSERTIONS = NO;
				ENABLE_STRICT_OBJC_MSGSEND = YES;
				GCC_C_LANGUAGE_STANDARD = gnu11;
				GCC_NO_COMMON_BLOCKS = YES;
				GCC_WARN_64_TO_32_BIT_CONVERSION = YES;
				GCC_WARN_ABOUT_RETURN_TYPE = YES_ERROR;
				GCC_WARN_UNDECLARED_SELECTOR = YES;
				GCC_WARN_UNINITIALIZED_AUTOS = YES_AGGRESSIVE;
				GCC_WARN_UNUSED_FUNCTION = YES;
				GCC_WARN_UNUSED_VARIABLE = YES;
				IPHONEOS_DEPLOYMENT_TARGET = 16.4;
				MTL_ENABLE_DEBUG_INFO = NO;
				MTL_FAST_MATH = YES;
				SDKROOT = iphoneos;
				SWIFT_COMPILATION_MODE = wholemodule;
				SWIFT_OPTIMIZATION_LEVEL = "-O";
				VALIDATE_PRODUCT = YES;
			};
			name = Release;
		};
		1310100D2FB47B0E00CF8817 /* Debug */ = {
			isa = XCBuildConfiguration;
			buildSettings = {
				ASSETCATALOG_COMPILER_APPICON_NAME = AppIcon;
				ASSETCATALOG_COMPILER_GLOBAL_ACCENT_COLOR_NAME = AccentColor;
				CODE_SIGN_ENTITLEMENTS = FitnessCoach/FitnessCoach.entitlements;
				CODE_SIGN_STYLE = Automatic;
				CURRENT_PROJECT_VERSION = 1;
				DEVELOPMENT_ASSET_PATHS = "\"FitnessCoach/Preview Content\"";
				DEVELOPMENT_TEAM = CT956VYJQ9;
				ENABLE_PREVIEWS = YES;
				GENERATE_INFOPLIST_FILE = YES;
				INFOPLIST_KEY_AIChatServerURL = "";
				INFOPLIST_KEY_NSAppTransportSecurity_NSAllowsArbitraryLoads = YES;
				INFOPLIST_KEY_NSCameraUsageDescription = "FitnessCoach needs camera access to detect your workout pose.";
				INFOPLIST_KEY_NSHealthShareUsageDescription = "FitnessCoach uses Apple Health to read activity and calorie data for your dashboard.";
				INFOPLIST_KEY_NSHealthUpdateUsageDescription = "FitnessCoach can prepare HealthKit workout features when you enable them.";
				INFOPLIST_KEY_UIApplicationSceneManifest_Generation = YES;
				INFOPLIST_KEY_UIApplicationSupportsIndirectInputEvents = YES;
				INFOPLIST_KEY_UILaunchScreen_Generation = YES;
				INFOPLIST_KEY_UISupportedInterfaceOrientations_iPad = "UIInterfaceOrientationPortrait UIInterfaceOrientationPortraitUpsideDown UIInterfaceOrientationLandscapeLeft UIInterfaceOrientationLandscapeRight";
				INFOPLIST_KEY_UISupportedInterfaceOrientations_iPhone = "UIInterfaceOrientationPortrait UIInterfaceOrientationLandscapeLeft UIInterfaceOrientationLandscapeRight";
				LD_RUNPATH_SEARCH_PATHS = (
					"$(inherited)",
					"@executable_path/Frameworks",
				);
				MARKETING_VERSION = 1.0;
				NEW_SETTING = "";
				PRODUCT_BUNDLE_IDENTIFIER = AD.FitnessCoach;
				PRODUCT_NAME = "$(TARGET_NAME)";
				SWIFT_EMIT_LOC_STRINGS = YES;
				SWIFT_VERSION = 5.0;
				TARGETED_DEVICE_FAMILY = "1,2";
			};
			name = Debug;
		};
		1310100E2FB47B0E00CF8817 /* Release */ = {
			isa = XCBuildConfiguration;
			buildSettings = {
				ASSETCATALOG_COMPILER_APPICON_NAME = AppIcon;
				ASSETCATALOG_COMPILER_GLOBAL_ACCENT_COLOR_NAME = AccentColor;
				CODE_SIGN_ENTITLEMENTS = FitnessCoach/FitnessCoach.entitlements;
				CODE_SIGN_STYLE = Automatic;
				CURRENT_PROJECT_VERSION = 1;
				DEVELOPMENT_ASSET_PATHS = "\"FitnessCoach/Preview Content\"";
				DEVELOPMENT_TEAM = CT956VYJQ9;
				ENABLE_PREVIEWS = YES;
				GENERATE_INFOPLIST_FILE = YES;
				INFOPLIST_KEY_AIChatServerURL = "";
				INFOPLIST_KEY_NSAppTransportSecurity_NSAllowsArbitraryLoads = YES;
				INFOPLIST_KEY_NSCameraUsageDescription = "FitnessCoach needs camera access to detect your workout pose.";
				INFOPLIST_KEY_NSHealthShareUsageDescription = "FitnessCoach uses Apple Health to read activity and calorie data for your dashboard.";
				INFOPLIST_KEY_NSHealthUpdateUsageDescription = "FitnessCoach can prepare HealthKit workout features when you enable them.";
				INFOPLIST_KEY_UIApplicationSceneManifest_Generation = YES;
				INFOPLIST_KEY_UIApplicationSupportsIndirectInputEvents = YES;
				INFOPLIST_KEY_UILaunchScreen_Generation = YES;
				INFOPLIST_KEY_UISupportedInterfaceOrientations_iPad = "UIInterfaceOrientationPortrait UIInterfaceOrientationPortraitUpsideDown UIInterfaceOrientationLandscapeLeft UIInterfaceOrientationLandscapeRight";
				INFOPLIST_KEY_UISupportedInterfaceOrientations_iPhone = "UIInterfaceOrientationPortrait UIInterfaceOrientationLandscapeLeft UIInterfaceOrientationLandscapeRight";
				LD_RUNPATH_SEARCH_PATHS = (
					"$(inherited)",
					"@executable_path/Frameworks",
				);
				MARKETING_VERSION = 1.0;
				NEW_SETTING = "";
				PRODUCT_BUNDLE_IDENTIFIER = AD.FitnessCoach;
				PRODUCT_NAME = "$(TARGET_NAME)";
				SWIFT_EMIT_LOC_STRINGS = YES;
				SWIFT_VERSION = 5.0;
				TARGETED_DEVICE_FAMILY = "1,2";
			};
			name = Release;
		};
		131010102FB47B0E00CF8817 /* Debug */ = {
			isa = XCBuildConfiguration;
			buildSettings = {
				ALWAYS_EMBED_SWIFT_STANDARD_LIBRARIES = YES;
				BUNDLE_LOADER = "$(TEST_HOST)";
				CODE_SIGN_STYLE = Automatic;
				CURRENT_PROJECT_VERSION = 1;
				GENERATE_INFOPLIST_FILE = YES;
				IPHONEOS_DEPLOYMENT_TARGET = 16.4;
				MARKETING_VERSION = 1.0;
				PRODUCT_BUNDLE_IDENTIFIER = AD.FitnessCoachTests;
				PRODUCT_NAME = "$(TARGET_NAME)";
				SWIFT_EMIT_LOC_STRINGS = NO;
				SWIFT_VERSION = 5.0;
				TARGETED_DEVICE_FAMILY = "1,2";
				TEST_HOST = "$(BUILT_PRODUCTS_DIR)/FitnessCoach.app/$(BUNDLE_EXECUTABLE_FOLDER_PATH)/FitnessCoach";
			};
			name = Debug;
		};
		131010112FB47B0E00CF8817 /* Release */ = {
			isa = XCBuildConfiguration;
			buildSettings = {
				ALWAYS_EMBED_SWIFT_STANDARD_LIBRARIES = YES;
				BUNDLE_LOADER = "$(TEST_HOST)";
				CODE_SIGN_STYLE = Automatic;
				CURRENT_PROJECT_VERSION = 1;
				GENERATE_INFOPLIST_FILE = YES;
				IPHONEOS_DEPLOYMENT_TARGET = 16.4;
				MARKETING_VERSION = 1.0;
				PRODUCT_BUNDLE_IDENTIFIER = AD.FitnessCoachTests;
				PRODUCT_NAME = "$(TARGET_NAME)";
				SWIFT_EMIT_LOC_STRINGS = NO;
				SWIFT_VERSION = 5.0;
				TARGETED_DEVICE_FAMILY = "1,2";
				TEST_HOST = "$(BUILT_PRODUCTS_DIR)/FitnessCoach.app/$(BUNDLE_EXECUTABLE_FOLDER_PATH)/FitnessCoach";
			};
			name = Release;
		};
		131010132FB47B0E00CF8817 /* Debug */ = {
			isa = XCBuildConfiguration;
			buildSettings = {
				ALWAYS_EMBED_SWIFT_STANDARD_LIBRARIES = YES;
				CODE_SIGN_STYLE = Automatic;
				CURRENT_PROJECT_VERSION = 1;
				GENERATE_INFOPLIST_FILE = YES;
				MARKETING_VERSION = 1.0;
				PRODUCT_BUNDLE_IDENTIFIER = AD.FitnessCoachUITests;
				PRODUCT_NAME = "$(TARGET_NAME)";
				SWIFT_EMIT_LOC_STRINGS = NO;
				SWIFT_VERSION = 5.0;
				TARGETED_DEVICE_FAMILY = "1,2";
				TEST_TARGET_NAME = FitnessCoach;
			};
			name = Debug;
		};
		131010142FB47B0E00CF8817 /* Release */ = {
			isa = XCBuildConfiguration;
			buildSettings = {
				ALWAYS_EMBED_SWIFT_STANDARD_LIBRARIES = YES;
				CODE_SIGN_STYLE = Automatic;
				CURRENT_PROJECT_VERSION = 1;
				GENERATE_INFOPLIST_FILE = YES;
				MARKETING_VERSION = 1.0;
				PRODUCT_BUNDLE_IDENTIFIER = AD.FitnessCoachUITests;
				PRODUCT_NAME = "$(TARGET_NAME)";
				SWIFT_EMIT_LOC_STRINGS = NO;
				SWIFT_VERSION = 5.0;
				TARGETED_DEVICE_FAMILY = "1,2";
				TEST_TARGET_NAME = FitnessCoach;
			};
			name = Release;
		};
/* End XCBuildConfiguration section */

/* Begin XCConfigurationList section */
		13100FE32FB47B0A00CF8817 /* Build configuration list for PBXProject "FitnessCoach" */ = {
			isa = XCConfigurationList;
			buildConfigurations = (
				1310100A2FB47B0E00CF8817 /* Debug */,
				1310100B2FB47B0E00CF8817 /* Release */,
			);
			defaultConfigurationIsVisible = 0;
			defaultConfigurationName = Release;
		};
		1310100C2FB47B0E00CF8817 /* Build configuration list for PBXNativeTarget "FitnessCoach" */ = {
			isa = XCConfigurationList;
			buildConfigurations = (
				1310100D2FB47B0E00CF8817 /* Debug */,
				1310100E2FB47B0E00CF8817 /* Release */,
			);
			defaultConfigurationIsVisible = 0;
			defaultConfigurationName = Release;
		};
		1310100F2FB47B0E00CF8817 /* Build configuration list for PBXNativeTarget "FitnessCoachTests" */ = {
			isa = XCConfigurationList;
			buildConfigurations = (
				131010102FB47B0E00CF8817 /* Debug */,
				131010112FB47B0E00CF8817 /* Release */,
			);
			defaultConfigurationIsVisible = 0;
			defaultConfigurationName = Release;
		};
		131010122FB47B0E00CF8817 /* Build configuration list for PBXNativeTarget "FitnessCoachUITests" */ = {
			isa = XCConfigurationList;
			buildConfigurations = (
				131010132FB47B0E00CF8817 /* Debug */,
				131010142FB47B0E00CF8817 /* Release */,
			);
			defaultConfigurationIsVisible = 0;
			defaultConfigurationName = Release;
		};
/* End XCConfigurationList section */
	};
	rootObject = 13100FE02FB47B0A00CF8817 /* Project object */;
}
